{
  "name": "VelotexAi-1",
  "lockfileVersion": 3,
  "requires": true,
  "packages": {
    "": {
      "dependencies": {
        "flask": "^0.2.10",
        "nodemailer": "^7.0.3"
      }
    },
    "node_modules/flask": {
      "version": "0.2.10",
      "resolved": "https://registry.npmjs.org/flask/-/flask-0.2.10.tgz",
      "integrity": "sha512-Zy69KIuFsoX0o2W5uDHHk1GHMwRT8QT0AboPQY7b1soCfJ2pfwKxHF2AGVwJmDUjzawgOavoY/UsXnZ7fk3lVQ==",
      "license": "MIT"
    },
    "node_modules/nodemailer": {
      "version": "7.0.3",
      "resolved": "https://registry.npmjs.org/nodemailer/-/nodemailer-7.0.3.tgz",
      "integrity": "sha512-Ajq6Sz1x7cIK3pN6KesGTah+1gnwMnx5gKl3piQlQQE/PwyJ4Mbc8is2psWYxK3RJTVeqsDaCv8ZzXLCDHMTZw==",
      "license": "MIT-0",
      "engines": {
        "node": ">=6.0.0"
      }
    }
  }
}
